# This file is autogenerated, do not edit; changes may be undone by the next 'dep ensure'.


[[projects]]
  branch = "master"
  name = "github.com/aead/skein"
  packages = [".","threefish"]
  revision = "9365ae6e95d294dc113a0b308852f97c916db233"

[[projects]]
  branch = "master"
  name = "github.com/bitgoin/lyra2rev2"
  packages = ["sha3"]
  revision = "bae9ad2043bb55facb14c4918e909f88a7d3ed84"

[[projects]]
  branch = "master"
  name = "github.com/dchest/blake256"
  packages = ["."]
  revision = "dee3fe6eb0e98dc774a94fc231f85baf7c29d360"

[[projects]]
  branch = "master"
  name = "github.com/rb-de0/lyra2rev2"
  packages = [".","sha3"]
  revision = "39b5074a8ffbfa30259ddecdf48a83244eec3973"

[solve-meta]
  analyzer-name = "dep"
  analyzer-version = 1
  inputs-digest = "eb8dc8d2087553d70114a8982ac366167925d6d660717ff6202ec3361c100518"
  solver-name = "gps-cdcl"
  solver-version = 1
